# This file is autogenerated, do not edit; changes may be undone by the next 'dep ensure'.


[[projects]]
  digest = "1:573fa46f8d413d4bc3f7cc5e86b2c43cb21559f4fb0a19d9874d228e28fdc07c"
  name = "github.com/PuerkitoBio/goquery"
  packages = ["."]
  pruneopts = "UT"
  revision = "2d2796f41742ece03e8086188fa4db16a3a0b458"
  version = "v1.5.0"

[[projects]]
  digest = "1:66b3310cf22cdc96c35ef84ede4f7b9b370971c4025f394c89a2638729653b11"
  name = "github.com/andybalholm/cascadia"
  packages = ["."]
  pruneopts = "UT"
  revision = "901648c87902174f774fac311d7f176f8647bdaa"
  version = "v1.0.0"

[[projects]]
  digest = "1:b520b55fc1146c5b0eea03b07233f7a3d4a9be985c037c91ea6b82ecb81bd521"
  name = "github.com/bitly/go-simplejson"
  packages = ["."]
  pruneopts = "UT"
  revision = "aabad6e819789e569bd6aabf444c935aa9ba1e44"
  version = "v0.5.0"

[[projects]]
  digest = "1:53cbf1b46de4361416179ade70a96517fe6263301e65a7afa6afde8d92bab4c6"
  name = "github.com/coreos/etcd"
  packages = [
    "client",
    "pkg/pathutil",
    "pkg/srv",
    "pkg/types",
    "version",
  ]
  pruneopts = "UT"
  revision = "98d308426819d892e149fe45f6fd542464cb1f9d"
  version = "v3.3.13"

[[projects]]
  digest = "1:05ffeeed3f0f05520de0679f6aa3219ffee69cfd6d9fb6c194879d4c818ad670"
  name = "github.com/coreos/go-semver"
  packages = ["semver"]
  pruneopts = "UT"
  revision = "e214231b295a8ea9479f11b70b35d5acf3556d9b"
  version = "v0.3.0"

[[projects]]
  digest = "1:76dc72490af7174349349838f2fe118996381b31ea83243812a97e5a0fd5ed55"
  name = "github.com/dgrijalva/jwt-go"
  packages = ["."]
  pruneopts = "UT"
  revision = "06ea1031745cb8b3dab3f6a236daf2b0aa468b7e"
  version = "v3.2.0"

[[projects]]
  digest = "1:d052bda13fd17bd8cf52ccae57b0a03ffeea80cffc2cffc62741235fa34f92cf"
  name = "github.com/dsnet/compress"
  packages = [
    ".",
    "bzip2",
    "bzip2/internal/sais",
    "internal",
    "internal/errors",
    "internal/prefix",
  ]
  pruneopts = "UT"
  revision = "da652975a8eea9fa0735aba8056747a751db0bd3"
  version = "v0.0.1"

[[projects]]
  branch = "master"
  digest = "1:f29643ce5c7e31ed77084388198d9b82d715a4c0edd898b6393d6a1ce0b23f6d"
  name = "github.com/elgs/gostrgen"
  packages = ["."]
  pruneopts = "UT"
  revision = "9d61ae07eeaeb54ce2100022b1fd3ea020093d09"

[[projects]]
  digest = "1:0594af97b2f4cec6554086eeace6597e20a4b69466eb4ada25adf9f4300dddd2"
  name = "github.com/garyburd/redigo"
  packages = [
    "internal",
    "redis",
  ]
  pruneopts = "UT"
  revision = "a69d19351219b6dd56f274f96d85a7014a2ec34e"
  version = "v1.6.0"

[[projects]]
  branch = "master"
  digest = "1:e4a64a313f41c5d6b1446850f7ee2a1d00fe82640dfe42be4d0fdcb1d335cb65"
  name = "github.com/gocarina/gocsv"
  packages = ["."]
  pruneopts = "UT"
  revision = "938a494a0b8bdb47e257cdc8d188a750e815f39b"

[[projects]]
  digest = "1:2356bcf5096ecb76bfcce7cb96af2d58c68ac63206c22d4d2aff9b9df70a486e"
  name = "github.com/golang/protobuf"
  packages = [
    "jsonpb",
    "proto",
    "ptypes",
    "ptypes/any",
    "ptypes/duration",
    "ptypes/struct",
    "ptypes/timestamp",
  ]
  pruneopts = "UT"
  revision = "b5d812f8a3706043e23a9cd5babf2e5423744d30"
  version = "v1.3.1"

[[projects]]
  digest = "1:e4f5819333ac698d294fe04dbf640f84719658d5c7ce195b10060cc37292ce79"
  name = "github.com/golang/snappy"
  packages = ["."]
  pruneopts = "UT"
  revision = "2a8bb927dd31d8daada140a5d09578521ce5c36a"
  version = "v0.0.1"

[[projects]]
  digest = "1:582b704bebaa06b48c29b0cec224a6058a09c86883aaddabde889cd1a5f73e1b"
  name = "github.com/google/uuid"
  packages = ["."]
  pruneopts = "UT"
  revision = "0cd6bf5da1e1c83f8b45653022c74f71af0538a4"
  version = "v1.1.1"

[[projects]]
  branch = "master"
  digest = "1:1a4738a6c5703cab22e111469781f1cfcdd4f6313e3030b71214f27d1861566d"
  name = "github.com/goushuyun/log"
  packages = ["."]
  pruneopts = "UT"
  revision = "c9cfa1b03d9c23eb7ebf3b56f2614481ebc20d12"

[[projects]]
  digest = "1:045e0d41bcc7dd96a19747bf4cd89d61206f11c7dd5064a1ad23b8319f117657"
  name = "github.com/hu17889/go_spider"
  packages = [
    "core/common/com_interfaces",
    "core/common/mlog",
    "core/common/page",
    "core/common/page_items",
    "core/common/request",
    "core/common/resource_manage",
    "core/common/util",
    "core/downloader",
    "core/page_processer",
    "core/pipeline",
    "core/scheduler",
    "core/spider",
  ]
  pruneopts = "UT"
  revision = "85ede20bf88b6861235d89765dacbc732695ab59"

[[projects]]
  digest = "1:a7261255f31aa65e511b45cf7a36fda39dafb08914287506c93cb8c07afb9708"
  name = "github.com/jackc/pgx"
  packages = [
    ".",
    "chunkreader",
    "internal/sanitize",
    "pgio",
    "pgproto3",
    "pgtype",
  ]
  pruneopts = "UT"
  revision = "a1d6202434aa40c3624688f6c2cacbc27eef5472"
  version = "v3.5.0"

[[projects]]
  digest = "1:f5a2051c55d05548d2d4fd23d244027b59fbd943217df8aa3b5e170ac2fd6e1b"
  name = "github.com/json-iterator/go"
  packages = ["."]
  pruneopts = "UT"
  revision = "0ff49de124c6f76f8494e194af75bde0f1a49a29"
  version = "v1.1.6"

[[projects]]
  digest = "1:f97285a3b0a496dcf8801072622230d513f69175665d94de60eb042d03387f6c"
  name = "github.com/julienschmidt/httprouter"
  packages = ["."]
  pruneopts = "UT"
  revision = "348b672cd90d8190f8240323e372ecd1e66b59dc"
  version = "v1.2.0"

[[projects]]
  digest = "1:bdd53b87de8185da386bae179c84d4848854c6870bacacf6a154fe63e2e750f7"
  name = "github.com/lib/pq"
  packages = [
    ".",
    "oid",
    "scram",
  ]
  pruneopts = "UT"
  revision = "bc6a3c0594130b1e34005880bc600b6d3f49fa7f"
  version = "v1.1.1"

[[projects]]
  digest = "1:d6f988e7296cebe16d9c405b73bee34da871b382f7438c811279614a725239ae"
  name = "github.com/mholt/archiver"
  packages = ["."]
  pruneopts = "UT"
  revision = "de0d89e255e17c8d75a40122055763e743ab0593"
  version = "v2.1.0"

[[projects]]
  digest = "1:33422d238f147d247752996a26574ac48dcf472976eda7f5134015f06bf16563"
  name = "github.com/modern-go/concurrent"
  packages = ["."]
  pruneopts = "UT"
  revision = "bacd9c7ef1dd9b15be4a9909b8ac7a4e313eec94"
  version = "1.0.3"

[[projects]]
  digest = "1:e32bdbdb7c377a07a9a46378290059822efdce5c8d96fe71940d87cb4f918855"
  name = "github.com/modern-go/reflect2"
  packages = ["."]
  pruneopts = "UT"
  revision = "4b7aa43c6742a2c18fdef89dd197aaae7dac7ccd"
  version = "1.0.1"

[[projects]]
  digest = "1:bb48459ec76efe45f13094480296462ef5c9aaa56662918819b7a8fce3155b8b"
  name = "github.com/nsqio/go-nsq"
  packages = ["."]
  pruneopts = "UT"
  revision = "eee57a3ac4174c55924125bb15eeeda8cffb6e6f"
  version = "v1.0.7"

[[projects]]
  digest = "1:b93a939355dc613ca1c23bf39f6d4c207da431a31dd8af001cc334ad24cab9d3"
  name = "github.com/nwaples/rardecode"
  packages = ["."]
  pruneopts = "UT"
  revision = "cc3e4b2381762c56dbcdf9f93be03349a1dc1c14"
  version = "v1.0.0"

[[projects]]
  digest = "1:e5d0bd87abc2781d14e274807a470acd180f0499f8bf5bb18606e9ec22ad9de9"
  name = "github.com/pborman/uuid"
  packages = ["."]
  pruneopts = "UT"
  revision = "adf5a7427709b9deb95d29d3fa8a2bf9cfd388f1"
  version = "v1.2"

[[projects]]
  digest = "1:f690a0a27cefae695fa9587aa3ed23652e593be1d98b35f8184d10bccec30444"
  name = "github.com/pierrec/lz4"
  packages = [
    ".",
    "internal/xxh32",
  ]
  pruneopts = "UT"
  revision = "057d66e894a4e55853274a3bbbf7de02ba639e43"
  version = "v2.2.4"

[[projects]]
  digest = "1:cf31692c14422fa27c83a05292eb5cbe0fb2775972e8f1f8446a71549bd8980b"
  name = "github.com/pkg/errors"
  packages = ["."]
  pruneopts = "UT"
  revision = "ba968bfe8b2f7e042a574c888954fccecfa385b4"
  version = "v0.8.1"

[[projects]]
  digest = "1:f193c1ff71183e805f85a7bb56be27283c958e8cae1c982c04f50d5b180cec23"
  name = "github.com/qiniu/api.v7"
  packages = [
    "api",
    "auth/qbox",
    "conf",
    "kodocli",
  ]
  pruneopts = "UT"
  revision = "9c12a67868f8f94d6a75dd6bb59b095db8d40d77"
  version = "v7.1.0"

[[projects]]
  digest = "1:90401069bdac3c26f3fcfcb9d4f48b7c84e596cb57b671c292197c50c4e18285"
  name = "github.com/qiniu/x"
  packages = [
    "bytes.v7",
    "bytes.v7/seekable",
    "ctype.v7",
    "log.v7",
    "rpc.v7",
    "url.v7",
    "xlog.v7",
  ]
  pruneopts = "UT"
  revision = "946c4a16076d6d98aeb78619e2bd4012357f7228"
  version = "v7.0.8"

[[projects]]
  digest = "1:ed615c5430ecabbb0fb7629a182da65ecee6523900ac1ac932520860878ffcad"
  name = "github.com/robfig/cron"
  packages = ["."]
  pruneopts = "UT"
  revision = "b41be1df696709bb6395fe435af20370037c0b4c"
  version = "v1.2.0"

[[projects]]
  digest = "1:e60f2f1cd2e8dfdea48c2440c303d103266e754ab1d8b75796a4e4caddb7a68c"
  name = "github.com/tealeg/xlsx"
  packages = ["."]
  pruneopts = "UT"
  revision = "8be35264fa75a1bbe954ce51eba04f273e2c59e5"
  version = "v1.0.3"

[[projects]]
  digest = "1:2643d81498e38e44bdcf480be199cac55f29e97403b0342d962824bfe9960722"
  name = "github.com/ulikunitz/xz"
  packages = [
    ".",
    "internal/hash",
    "internal/xlog",
    "lzma",
  ]
  pruneopts = "UT"
  revision = "6f934d456d51e742b4eeab20d925a827ef22320a"
  version = "v0.5.6"

[[projects]]
  digest = "1:d688f4ad71b5dfad95c2d74cb0feac09f8f3c32ae5cecc078230dbdeece39e53"
  name = "github.com/urfave/negroni"
  packages = ["."]
  pruneopts = "UT"
  revision = "c6a59be0ce122566695fbd5e48a77f8f10c8a63a"
  version = "v1.0.0"

[[projects]]
  branch = "master"
  digest = "1:8ecc21effdeb31166b1b0394c8770410ac42c4018c17d3f07606c3927231a76b"
  name = "github.com/wothing/log"
  packages = ["."]
  pruneopts = "UT"
  revision = "c00ead6ccb9b6432e201447ef1d10db5e69fc89c"

[[projects]]
  branch = "master"
  digest = "1:75edc97c2e5364c63bd02cee20502aa5e82c3ca34ba4ef6799d9e208be4dca59"
  name = "github.com/wothing/wonaming"
  packages = ["etcd"]
  pruneopts = "UT"
  revision = "718c29fa59184f8cc745513b83fe93f6b3f54d57"

[[projects]]
  branch = "master"
  digest = "1:6c949ebebf1378a40a04b88d22afa66084fdb27f813d445b5344283993f57c97"
  name = "github.com/wothing/worc"
  packages = ["."]
  pruneopts = "UT"
  revision = "1ad84ac226ecab56bd28bfe6d91cf90fcd29bf95"

[[projects]]
  branch = "master"
  digest = "1:c346740da4a16f33230199af4d52873dd8f88370d8aca8eed37e2b83e84bc7c1"
  name = "github.com/wothing/worpc"
  packages = ["."]
  pruneopts = "UT"
  revision = "14120d28f35ad415019749f0179ccc6ae290166b"

[[projects]]
  branch = "master"
  digest = "1:f92f6956e4059f6a3efc14924d2dd58ba90da25cc57fe07ae3779ef2f5e0c5f2"
  name = "golang.org/x/crypto"
  packages = ["pbkdf2"]
  pruneopts = "UT"
  revision = "4def268fd1a49955bfb3dda92fe3db4f924f2285"

[[projects]]
  branch = "master"
  digest = "1:964072608f7bddc0cfe856b6872e5bd2314fe9288f7aeb679845f12be19d97dd"
  name = "golang.org/x/net"
  packages = [
    "context",
    "html",
    "html/atom",
    "html/charset",
    "http/httpguts",
    "http2",
    "http2/hpack",
    "idna",
    "internal/timeseries",
    "trace",
  ]
  pruneopts = "UT"
  revision = "da137c7871d730100384dbcf36e6f8fa493aef5b"

[[projects]]
  branch = "master"
  digest = "1:730ba27cd66db3b98ec8f51a6f20d45ec277d490cca36b1f54e31d3fcaf4840e"
  name = "golang.org/x/sys"
  packages = ["unix"]
  pruneopts = "UT"
  revision = "04f50cda93cbb67f2afa353c52f342100e80e625"

[[projects]]
  digest = "1:24fc27c3b00594289e400127e23d9963f07fec119cc7bb59d4cf7626445104d0"
  name = "golang.org/x/text"
  packages = [
    "cases",
    "collate",
    "collate/build",
    "encoding",
    "encoding/charmap",
    "encoding/htmlindex",
    "encoding/internal",
    "encoding/internal/identifier",
    "encoding/japanese",
    "encoding/korean",
    "encoding/simplifiedchinese",
    "encoding/traditionalchinese",
    "encoding/unicode",
    "internal",
    "internal/colltab",
    "internal/gen",
    "internal/language",
    "internal/language/compact",
    "internal/tag",
    "internal/triegen",
    "internal/ucd",
    "internal/utf8internal",
    "language",
    "runes",
    "secure/bidirule",
    "secure/precis",
    "transform",
    "unicode/bidi",
    "unicode/cldr",
    "unicode/norm",
    "unicode/rangetable",
    "width",
  ]
  pruneopts = "UT"
  revision = "342b2e1fbaa52c93f31447ad2c6abc048c63e475"
  version = "v0.3.2"

[[projects]]
  branch = "master"
  digest = "1:583a0c80f5e3a9343d33aea4aead1e1afcc0043db66fdf961ddd1fe8cd3a4faf"
  name = "google.golang.org/genproto"
  packages = ["googleapis/rpc/status"]
  pruneopts = "UT"
  revision = "710ae3a149df3775bfc2e9efb7f4fb97b186b233"

[[projects]]
  digest = "1:cf01ae0753310464677058b125fa31e74fd943781782ada503180ad784fc83d3"
  name = "google.golang.org/grpc"
  packages = [
    ".",
    "balancer",
    "balancer/base",
    "balancer/roundrobin",
    "binarylog/grpc_binarylog_v1",
    "codes",
    "connectivity",
    "credentials",
    "credentials/internal",
    "encoding",
    "encoding/proto",
    "grpclog",
    "internal",
    "internal/backoff",
    "internal/balancerload",
    "internal/binarylog",
    "internal/channelz",
    "internal/envconfig",
    "internal/grpcrand",
    "internal/grpcsync",
    "internal/syscall",
    "internal/transport",
    "keepalive",
    "metadata",
    "naming",
    "peer",
    "resolver",
    "resolver/dns",
    "resolver/passthrough",
    "serviceconfig",
    "stats",
    "status",
    "tap",
  ]
  pruneopts = "UT"
  revision = "1d89a3c832915b2314551c1d2a506874d62e53f7"
  version = "v1.22.0"

[[projects]]
  digest = "1:6a8414c6457caa5db639b9f5c084a95b698f2b3cc011151a4b43224a1d8fe0f5"
  name = "gopkg.in/iconv.v1"
  packages = ["."]
  pruneopts = "UT"
  revision = "16a760eb7e186ae0e3aedda00d4a1daa4d0701d8"
  version = "v1.1.1"

[[projects]]
  digest = "1:b1cd7c06d837b448c4440ff173607bbf7ce32e881498feabca5ae670aded2637"
  name = "qiniupkg.com/api.v7"
  packages = [
    "kodo",
    "kodocli",
  ]
  pruneopts = "UT"
  revision = "9c12a67868f8f94d6a75dd6bb59b095db8d40d77"
  version = "v7.1.0"

[[projects]]
  digest = "1:3b5e7235c98bd161d63467d2dde26c630d598b123e4a1ed810f9026c60c7b6c8"
  name = "qiniupkg.com/x"
  packages = [
    "bytes.v7",
    "log.v7",
    "reqid.v7",
  ]
  pruneopts = "UT"
  revision = "946c4a16076d6d98aeb78619e2bd4012357f7228"
  version = "v7.0.8"

[solve-meta]
  analyzer-name = "dep"
  analyzer-version = 1
  input-imports = [
    "github.com/PuerkitoBio/goquery",
    "github.com/coreos/etcd/client",
    "github.com/dgrijalva/jwt-go",
    "github.com/elgs/gostrgen",
    "github.com/garyburd/redigo/redis",
    "github.com/gocarina/gocsv",
    "github.com/golang/protobuf/proto",
    "github.com/goushuyun/log",
    "github.com/hu17889/go_spider/core/common/page",
    "github.com/hu17889/go_spider/core/common/page_items",
    "github.com/hu17889/go_spider/core/common/request",
    "github.com/hu17889/go_spider/core/spider",
    "github.com/jackc/pgx",
    "github.com/julienschmidt/httprouter",
    "github.com/lib/pq",
    "github.com/mholt/archiver",
    "github.com/nsqio/go-nsq",
    "github.com/pborman/uuid",
    "github.com/robfig/cron",
    "github.com/tealeg/xlsx",
    "github.com/urfave/negroni",
    "github.com/wothing/wonaming/etcd",
    "github.com/wothing/worc",
    "github.com/wothing/worpc",
    "golang.org/x/net/context",
    "google.golang.org/grpc",
    "google.golang.org/grpc/codes",
    "google.golang.org/grpc/metadata",
    "google.golang.org/grpc/status",
    "gopkg.in/iconv.v1",
    "qiniupkg.com/api.v7/kodo",
    "qiniupkg.com/api.v7/kodocli",
  ]
  solver-name = "gps-cdcl"
  solver-version = 1
